{
  "lockfileVersion": 1,
  "configVersion": 1,
  "workspaces": {
    "": {
      "name": "plugins",
      "devDependencies": {
        "dprint": "^0.51.1",
        "oxlint": "^1.41.0",
        "oxlint-tsgolint": "^0.10.1",
        "turbo": "^2.7.5",
      },
    },
    "tsdown-plugins/ts-to-schema": {
      "name": "ts-to-schema",
      "dependencies": {
        "typescript": "^5.9.3",
      },
      "devDependencies": {
        "@types/node": "^24.10.9",
        "rolldown": "latest",
        "tsdown": "latest",
        "vitest": "latest",
      },
    },
    "vitest-plugins/vitest-plugin-reporter": {
      "name": "vitest-plugin-reporter",
      "version": "0.1.0",
      "devDependencies": {
        "@types/node": "^24.10.9",
        "@vitest/runner": "^4.0.17",
        "typescript": "^5.9.3",
        "vitest": "^4.0.17",
      },
      "peerDependencies": {
        "vitest": ">=4.0.16",
      },
    },
  },
  "packages": {
    "@babel/generator": ["@babel/generator@8.0.0-beta.4", "", { "dependencies": { "@babel/parser": "^8.0.0-beta.4", "@babel/types": "^8.0.0-beta.4", "@jridgewell/gen-mapping": "^0.3.12", "@jridgewell/trace-mapping": "^0.3.28", "@types/jsesc": "^2.5.0", "jsesc": "^3.0.2" } }, "sha512-5xRfRZk6wx1BRu2XnTE8cTh2mx1ixrZ3/vpn7p/RCJpgctL6pexVVHE3eqtwlYvHhPAuOYCAlnsAyXpBdmfh5Q=="],

    "@babel/helper-string-parser": ["@babel/helper-string-parser@8.0.0-beta.4", "", {}, "sha512-FGwbdQ/I2nJXXfyxa7dT0Fr/zPWwgX7m+hNVj0HrIHYJtyLxSQeQY1Kd8QkAYviQJV3OWFlRLuGd5epF03bdQg=="],

    "@babel/helper-validator-identifier": ["@babel/helper-validator-identifier@8.0.0-beta.4", "", {}, "sha512-6t0IaUEzlinbLmsGIvBZIHEJGjuchx+cMj+FbS78zL17tucYervgbwO07V5/CgBenVraontpmyMCTVyqCfxhFQ=="],

    "@babel/parser": ["@babel/parser@8.0.0-beta.4", "", { "dependencies": { "@babel/types": "^8.0.0-beta.4" }, "bin": "./bin/babel-parser.js" }, "sha512-fBcUqUN3eenLyg25QFkOwY1lmV6L0RdG92g6gxyS2CVCY8kHdibkQz1+zV3bLzxcvNnfHoi3i9n5Dci+g93acg=="],

    "@babel/types": ["@babel/types@8.0.0-beta.4", "", { "dependencies": { "@babel/helper-string-parser": "^8.0.0-beta.4", "@babel/helper-validator-identifier": "^8.0.0-beta.4" } }, "sha512-xjk2xqYp25ePzAs0I08hN2lrbUDDQFfCjwq6MIEa8HwHa0WK8NfNtdvtXod8Ku2CbE1iui7qwWojGvjQiyrQeA=="],

    "@dprint/darwin-arm64": ["@dprint/darwin-arm64@0.51.1", "", { "os": "darwin", "cpu": "arm64" }, "sha512-C7fkaz0/NGf/X4G9Cq65izdJgerND5jWShOaPiOgGs4A0CyCMKMLRd45m3xKIttuO8x0IQiZVixD22qmVglXmQ=="],

    "@dprint/darwin-x64": ["@dprint/darwin-x64@0.51.1", "", { "os": "darwin", "cpu": "x64" }, "sha512-/CESb4SJejshTWb/nO2gucrioKdLD/fK2gKB5Immi4XecAjhkV1HZpUMRLsIeVDQ6ha7xktKbnnvudJRI0maSg=="],

    "@dprint/linux-arm64-glibc": ["@dprint/linux-arm64-glibc@0.51.1", "", { "os": "linux", "cpu": "arm64" }, "sha512-W+QD/4TkQKMPq02uz+ZIz/EI91YEtS2zHBu/Jihx2lfNh3HjUKgyY1KfqCTg2WGJVDkJtPc5KDw+M8yd4rI+Rg=="],

    "@dprint/linux-arm64-musl": ["@dprint/linux-arm64-musl@0.51.1", "", { "os": "linux", "cpu": "arm64" }, "sha512-P4Cfn8wrdSvdoMoz0HtsC5zZpbh8Kk3OjRzgG4qs/gub5Ba3CCLcVaQvQmIOCvgPzdhPB41eSn5qAK87mh7vCQ=="],

    "@dprint/linux-loong64-glibc": ["@dprint/linux-loong64-glibc@0.51.1", "", { "os": "linux", "cpu": "none" }, "sha512-dxDShELBrSGB9PktRqhYrm1UWCL+7N430rGuDTFg+i4d1wL4JD7EI5NDS/5IVbg3lrKJUu6gAJoY9NWF4sZ0mQ=="],

    "@dprint/linux-loong64-musl": ["@dprint/linux-loong64-musl@0.51.1", "", { "os": "linux", "cpu": "none" }, "sha512-l+uNPzUBNxkywGN1HgvTV0CzUDpzXC+s6VEvjYRdVAEKl9TAsIfLMfZifS8rnlOi9hz/0sckmpny+wL40G6dhQ=="],

    "@dprint/linux-riscv64-glibc": ["@dprint/linux-riscv64-glibc@0.51.1", "", { "os": "linux", "cpu": "none" }, "sha512-YI6SemJRMsLUrtognhkAYOJ67j/AkiufHfx6+cPv/7qO6zBoBL6otR1e5yFYvAgEJOzRZD5g51EdqCcuK19B+g=="],

    "@dprint/linux-x64-glibc": ["@dprint/linux-x64-glibc@0.51.1", "", { "os": "linux", "cpu": "x64" }, "sha512-Hm9ntOWeclXU6/rZGYIN2XjuAhsRUZ77lRJC5EiM1rP6Ayh0J/YMsDdqlPAs+xZGdFFzt8ZeUpqJJJsbc54ZjQ=="],

    "@dprint/linux-x64-musl": ["@dprint/linux-x64-musl@0.51.1", "", { "os": "linux", "cpu": "x64" }, "sha512-iUs/9Z4Ky6+2GAK+i1jF1ZwM27CSIGaqw3LxTXtmE8eBCRwyCW+opzn9bzaFtlT9REUAGMC5PXihAPmzP3ttWg=="],

    "@dprint/win32-arm64": ["@dprint/win32-arm64@0.51.1", "", { "os": "win32", "cpu": "arm64" }, "sha512-oXjEL7Blf/160/j7U8MapRzSOVQvLIdAKEZbslIHA4Fwj10fvoDizqpfVU/aVj/BVrlIcZ/+AH8kfSC9XAyjLw=="],

    "@dprint/win32-x64": ["@dprint/win32-x64@0.51.1", "", { "os": "win32", "cpu": "x64" }, "sha512-RM9thb/+Jm6GkXJS+eW+0Pzmz2PNeDk8ZOWcjunE1jv2RabHgm+GbeGpS+WZPOM9W3LSntswv6f4wjzfUkWD0g=="],

    "@emnapi/core": ["@emnapi/core@1.8.1", "", { "dependencies": { "@emnapi/wasi-threads": "1.1.0", "tslib": "^2.4.0" } }, "sha512-AvT9QFpxK0Zd8J0jopedNm+w/2fIzvtPKPjqyw9jwvBaReTTqPBk9Hixaz7KbjimP+QNz605/XnjFcDAL2pqBg=="],

    "@emnapi/runtime": ["@emnapi/runtime@1.8.1", "", { "dependencies": { "tslib": "^2.4.0" } }, "sha512-mehfKSMWjjNol8659Z8KxEMrdSJDDot5SXMq00dM8BN4o+CLNXQ0xH2V7EchNHV4RmbZLmmPdEaXZc5H2FXmDg=="],

    "@emnapi/wasi-threads": ["@emnapi/wasi-threads@1.1.0", "", { "dependencies": { "tslib": "^2.4.0" } }, "sha512-WI0DdZ8xFSbgMjR1sFsKABJ/C5OnRrjT06JXbZKexJGrDuPTzZdDYfFlsgcCXCyf+suG5QU2e/y1Wo2V/OapLQ=="],

    "@esbuild/aix-ppc64": ["@esbuild/aix-ppc64@0.27.2", "", { "os": "aix", "cpu": "ppc64" }, "sha512-GZMB+a0mOMZs4MpDbj8RJp4cw+w1WV5NYD6xzgvzUJ5Ek2jerwfO2eADyI6ExDSUED+1X8aMbegahsJi+8mgpw=="],

    "@esbuild/android-arm": ["@esbuild/android-arm@0.27.2", "", { "os": "android", "cpu": "arm" }, "sha512-DVNI8jlPa7Ujbr1yjU2PfUSRtAUZPG9I1RwW4F4xFB1Imiu2on0ADiI/c3td+KmDtVKNbi+nffGDQMfcIMkwIA=="],

    "@esbuild/android-arm64": ["@esbuild/android-arm64@0.27.2", "", { "os": "android", "cpu": "arm64" }, "sha512-pvz8ZZ7ot/RBphf8fv60ljmaoydPU12VuXHImtAs0XhLLw+EXBi2BLe3OYSBslR4rryHvweW5gmkKFwTiFy6KA=="],

    "@esbuild/android-x64": ["@esbuild/android-x64@0.27.2", "", { "os": "android", "cpu": "x64" }, "sha512-z8Ank4Byh4TJJOh4wpz8g2vDy75zFL0TlZlkUkEwYXuPSgX8yzep596n6mT7905kA9uHZsf/o2OJZubl2l3M7A=="],

    "@esbuild/darwin-arm64": ["@esbuild/darwin-arm64@0.27.2", "", { "os": "darwin", "cpu": "arm64" }, "sha512-davCD2Zc80nzDVRwXTcQP/28fiJbcOwvdolL0sOiOsbwBa72kegmVU0Wrh1MYrbuCL98Omp5dVhQFWRKR2ZAlg=="],

    "@esbuild/darwin-x64": ["@esbuild/darwin-x64@0.27.2", "", { "os": "darwin", "cpu": "x64" }, "sha512-ZxtijOmlQCBWGwbVmwOF/UCzuGIbUkqB1faQRf5akQmxRJ1ujusWsb3CVfk/9iZKr2L5SMU5wPBi1UWbvL+VQA=="],

    "@esbuild/freebsd-arm64": ["@esbuild/freebsd-arm64@0.27.2", "", { "os": "freebsd", "cpu": "arm64" }, "sha512-lS/9CN+rgqQ9czogxlMcBMGd+l8Q3Nj1MFQwBZJyoEKI50XGxwuzznYdwcav6lpOGv5BqaZXqvBSiB/kJ5op+g=="],

    "@esbuild/freebsd-x64": ["@esbuild/freebsd-x64@0.27.2", "", { "os": "freebsd", "cpu": "x64" }, "sha512-tAfqtNYb4YgPnJlEFu4c212HYjQWSO/w/h/lQaBK7RbwGIkBOuNKQI9tqWzx7Wtp7bTPaGC6MJvWI608P3wXYA=="],

    "@esbuild/linux-arm": ["@esbuild/linux-arm@0.27.2", "", { "os": "linux", "cpu": "arm" }, "sha512-vWfq4GaIMP9AIe4yj1ZUW18RDhx6EPQKjwe7n8BbIecFtCQG4CfHGaHuh7fdfq+y3LIA2vGS/o9ZBGVxIDi9hw=="],

    "@esbuild/linux-arm64": ["@esbuild/linux-arm64@0.27.2", "", { "os": "linux", "cpu": "arm64" }, "sha512-hYxN8pr66NsCCiRFkHUAsxylNOcAQaxSSkHMMjcpx0si13t1LHFphxJZUiGwojB1a/Hd5OiPIqDdXONia6bhTw=="],

    "@esbuild/linux-ia32": ["@esbuild/linux-ia32@0.27.2", "", { "os": "linux", "cpu": "ia32" }, "sha512-MJt5BRRSScPDwG2hLelYhAAKh9imjHK5+NE/tvnRLbIqUWa+0E9N4WNMjmp/kXXPHZGqPLxggwVhz7QP8CTR8w=="],

    "@esbuild/linux-loong64": ["@esbuild/linux-loong64@0.27.2", "", { "os": "linux", "cpu": "none" }, "sha512-lugyF1atnAT463aO6KPshVCJK5NgRnU4yb3FUumyVz+cGvZbontBgzeGFO1nF+dPueHD367a2ZXe1NtUkAjOtg=="],

    "@esbuild/linux-mips64el": ["@esbuild/linux-mips64el@0.27.2", "", { "os": "linux", "cpu": "none" }, "sha512-nlP2I6ArEBewvJ2gjrrkESEZkB5mIoaTswuqNFRv/WYd+ATtUpe9Y09RnJvgvdag7he0OWgEZWhviS1OTOKixw=="],

    "@esbuild/linux-ppc64": ["@esbuild/linux-ppc64@0.27.2", "", { "os": "linux", "cpu": "ppc64" }, "sha512-C92gnpey7tUQONqg1n6dKVbx3vphKtTHJaNG2Ok9lGwbZil6DrfyecMsp9CrmXGQJmZ7iiVXvvZH6Ml5hL6XdQ=="],

    "@esbuild/linux-riscv64": ["@esbuild/linux-riscv64@0.27.2", "", { "os": "linux", "cpu": "none" }, "sha512-B5BOmojNtUyN8AXlK0QJyvjEZkWwy/FKvakkTDCziX95AowLZKR6aCDhG7LeF7uMCXEJqwa8Bejz5LTPYm8AvA=="],

    "@esbuild/linux-s390x": ["@esbuild/linux-s390x@0.27.2", "", { "os": "linux", "cpu": "s390x" }, "sha512-p4bm9+wsPwup5Z8f4EpfN63qNagQ47Ua2znaqGH6bqLlmJ4bx97Y9JdqxgGZ6Y8xVTixUnEkoKSHcpRlDnNr5w=="],

    "@esbuild/linux-x64": ["@esbuild/linux-x64@0.27.2", "", { "os": "linux", "cpu": "x64" }, "sha512-uwp2Tip5aPmH+NRUwTcfLb+W32WXjpFejTIOWZFw/v7/KnpCDKG66u4DLcurQpiYTiYwQ9B7KOeMJvLCu/OvbA=="],

    "@esbuild/netbsd-arm64": ["@esbuild/netbsd-arm64@0.27.2", "", { "os": "none", "cpu": "arm64" }, "sha512-Kj6DiBlwXrPsCRDeRvGAUb/LNrBASrfqAIok+xB0LxK8CHqxZ037viF13ugfsIpePH93mX7xfJp97cyDuTZ3cw=="],

    "@esbuild/netbsd-x64": ["@esbuild/netbsd-x64@0.27.2", "", { "os": "none", "cpu": "x64" }, "sha512-HwGDZ0VLVBY3Y+Nw0JexZy9o/nUAWq9MlV7cahpaXKW6TOzfVno3y3/M8Ga8u8Yr7GldLOov27xiCnqRZf0tCA=="],

    "@esbuild/openbsd-arm64": ["@esbuild/openbsd-arm64@0.27.2", "", { "os": "openbsd", "cpu": "arm64" }, "sha512-DNIHH2BPQ5551A7oSHD0CKbwIA/Ox7+78/AWkbS5QoRzaqlev2uFayfSxq68EkonB+IKjiuxBFoV8ESJy8bOHA=="],

    "@esbuild/openbsd-x64": ["@esbuild/openbsd-x64@0.27.2", "", { "os": "openbsd", "cpu": "x64" }, "sha512-/it7w9Nb7+0KFIzjalNJVR5bOzA9Vay+yIPLVHfIQYG/j+j9VTH84aNB8ExGKPU4AzfaEvN9/V4HV+F+vo8OEg=="],

    "@esbuild/openharmony-arm64": ["@esbuild/openharmony-arm64@0.27.2", "", { "os": "none", "cpu": "arm64" }, "sha512-LRBbCmiU51IXfeXk59csuX/aSaToeG7w48nMwA6049Y4J4+VbWALAuXcs+qcD04rHDuSCSRKdmY63sruDS5qag=="],

    "@esbuild/sunos-x64": ["@esbuild/sunos-x64@0.27.2", "", { "os": "sunos", "cpu": "x64" }, "sha512-kMtx1yqJHTmqaqHPAzKCAkDaKsffmXkPHThSfRwZGyuqyIeBvf08KSsYXl+abf5HDAPMJIPnbBfXvP2ZC2TfHg=="],

    "@esbuild/win32-arm64": ["@esbuild/win32-arm64@0.27.2", "", { "os": "win32", "cpu": "arm64" }, "sha512-Yaf78O/B3Kkh+nKABUF++bvJv5Ijoy9AN1ww904rOXZFLWVc5OLOfL56W+C8F9xn5JQZa3UX6m+IktJnIb1Jjg=="],

    "@esbuild/win32-ia32": ["@esbuild/win32-ia32@0.27.2", "", { "os": "win32", "cpu": "ia32" }, "sha512-Iuws0kxo4yusk7sw70Xa2E2imZU5HoixzxfGCdxwBdhiDgt9vX9VUCBhqcwY7/uh//78A1hMkkROMJq9l27oLQ=="],

    "@esbuild/win32-x64": ["@esbuild/win32-x64@0.27.2", "", { "os": "win32", "cpu": "x64" }, "sha512-sRdU18mcKf7F+YgheI/zGf5alZatMUTKj/jNS6l744f9u3WFu4v7twcUI9vu4mknF4Y9aDlblIie0IM+5xxaqQ=="],

    "@jridgewell/gen-mapping": ["@jridgewell/gen-mapping@0.3.13", "", { "dependencies": { "@jridgewell/sourcemap-codec": "^1.5.0", "@jridgewell/trace-mapping": "^0.3.24" } }, "sha512-2kkt/7niJ6MgEPxF0bYdQ6etZaA+fQvDcLKckhy1yIQOzaoKjBBjSj63/aLVjYE3qhRt5dvM+uUyfCg6UKCBbA=="],

    "@jridgewell/resolve-uri": ["@jridgewell/resolve-uri@3.1.2", "", {}, "sha512-bRISgCIjP20/tbWSPWMEi54QVPRZExkuD9lJL+UIxUKtwVJA8wW1Trb1jMs1RFXo1CBTNZ/5hpC9QvmKWdopKw=="],

    "@jridgewell/sourcemap-codec": ["@jridgewell/sourcemap-codec@1.5.5", "", {}, "sha512-cYQ9310grqxueWbl+WuIUIaiUaDcj7WOq5fVhEljNVgRfOUhY9fy2zTvfoqWsnebh8Sl70VScFbICvJnLKB0Og=="],

    "@jridgewell/trace-mapping": ["@jridgewell/trace-mapping@0.3.31", "", { "dependencies": { "@jridgewell/resolve-uri": "^3.1.0", "@jridgewell/sourcemap-codec": "^1.4.14" } }, "sha512-zzNR+SdQSDJzc8joaeP8QQoCQr8NuYx2dIIytl1QeBEZHJ9uW6hebsrYgbz8hJwUQao3TWCMtmfV8Nu1twOLAw=="],

    "@napi-rs/wasm-runtime": ["@napi-rs/wasm-runtime@1.1.1", "", { "dependencies": { "@emnapi/core": "^1.7.1", "@emnapi/runtime": "^1.7.1", "@tybys/wasm-util": "^0.10.1" } }, "sha512-p64ah1M1ld8xjWv3qbvFwHiFVWrq1yFvV4f7w+mzaqiR4IlSgkqhcRdHwsGgomwzBH51sRY4NEowLxnaBjcW/A=="],

    "@oxc-project/types": ["@oxc-project/types@0.108.0", "", {}, "sha512-7lf13b2IA/kZO6xgnIZA88sq3vwrxWk+2vxf6cc+omwYCRTiA5e63Beqf3fz/v8jEviChWWmFYBwzfSeyrsj7Q=="],

    "@oxlint-tsgolint/darwin-arm64": ["@oxlint-tsgolint/darwin-arm64@0.10.1", "", { "os": "darwin", "cpu": "arm64" }, "sha512-KGC4++BeEqrIcmDHiJt/e6/860PWJmUJjjp0mE+smpBmRXMjmOFFjrPmN+ZyCyVgf1WdmhPkQXsRSPeTR+2omw=="],

    "@oxlint-tsgolint/darwin-x64": ["@oxlint-tsgolint/darwin-x64@0.10.1", "", { "os": "darwin", "cpu": "x64" }, "sha512-tvmrDgj3Q0tdc+zMWfCVLVq8EQDEUqasm1zaWgSMYIszpID6qdgqbT+OpWWXV9fLZgtvrkoXGwxkHAUJzdVZXQ=="],

    "@oxlint-tsgolint/linux-arm64": ["@oxlint-tsgolint/linux-arm64@0.10.1", "", { "os": "linux", "cpu": "arm64" }, "sha512-7kD28z6/ykGx8WetKTPRZt30pd+ziassxg/8cM24lhjUI+hNXyRHVtHes73dh9D6glJKno+1ut+3amUdZBZcpQ=="],

    "@oxlint-tsgolint/linux-x64": ["@oxlint-tsgolint/linux-x64@0.10.1", "", { "os": "linux", "cpu": "x64" }, "sha512-NmJmiqdzYUTHIxteSTyX6IFFgnIsOAjRWXfrS6Jbo5xlB3g39WHniSF3asB/khLJNtwSg4InUS34NprYM7zrEw=="],

    "@oxlint-tsgolint/win32-arm64": ["@oxlint-tsgolint/win32-arm64@0.10.1", "", { "os": "win32", "cpu": "arm64" }, "sha512-3KrT80vl3nXUkjuJI/z8dF6xWsKx0t9Tz4ZQHgQw3fYw+CoihBRWGklrdlmCz+EGfMyVaQLqBV9PZckhSqLe2A=="],

    "@oxlint-tsgolint/win32-x64": ["@oxlint-tsgolint/win32-x64@0.10.1", "", { "os": "win32", "cpu": "x64" }, "sha512-hW1fSJZVxG51sLdGq1sQjOzb1tsQ23z/BquJfUwL7CqBobxr7TJvGmoINL+9KryOJt0jCoaiMfWe4yoYw5XfIA=="],

    "@oxlint/darwin-arm64": ["@oxlint/darwin-arm64@1.41.0", "", { "os": "darwin", "cpu": "arm64" }, "sha512-K0Bs0cNW11oWdSrKmrollKF44HMM2HKr4QidZQHMlhJcSX8pozxv0V5FLdqB4sddzCY0J9Wuuw+oRAfR8sdRwA=="],

    "@oxlint/darwin-x64": ["@oxlint/darwin-x64@1.41.0", "", { "os": "darwin", "cpu": "x64" }, "sha512-1LCCXCe9nN8LbrJ1QOGari2HqnxrZrveYKysWDIg8gFsQglIg00XF/8lRbA0kWHMdLgt4X0wfNYhhFz+c3XXLQ=="],

    "@oxlint/linux-arm64-gnu": ["@oxlint/linux-arm64-gnu@1.41.0", "", { "os": "linux", "cpu": "arm64" }, "sha512-Fow7H84Bs8XxuaK1yfSEWBC8HI7rfEQB9eR2A0J61un1WgCas7jNrt1HbT6+p6KmUH2bhR+r/RDu/6JFAvvj4g=="],

    "@oxlint/linux-arm64-musl": ["@oxlint/linux-arm64-musl@1.41.0", "", { "os": "linux", "cpu": "arm64" }, "sha512-WoRRDNwgP5W3rjRh42Zdx8ferYnqpKoYCv2QQLenmdrLjRGYwAd52uywfkcS45mKEWHeY1RPwPkYCSROXiGb2w=="],

    "@oxlint/linux-x64-gnu": ["@oxlint/linux-x64-gnu@1.41.0", "", { "os": "linux", "cpu": "x64" }, "sha512-75k3CKj3fOc/a/2aSgO81s3HsTZOFROthPJ+UI2Oatic1LhvH6eKjKfx3jDDyVpzeDS2qekPlc/y3N33iZz5Og=="],

    "@oxlint/linux-x64-musl": ["@oxlint/linux-x64-musl@1.41.0", "", { "os": "linux", "cpu": "x64" }, "sha512-8r82eBwGPoAPn67ZvdxTlX/Z3gVb+ZtN6nbkyFzwwHWAh8yGutX+VBcVkyrePSl6XgBP4QAaddPnHmkvJjqY0g=="],

    "@oxlint/win32-arm64": ["@oxlint/win32-arm64@1.41.0", "", { "os": "win32", "cpu": "arm64" }, "sha512-aK+DAcckQsNCOXKruatyYuY/ROjNiRejQB1PeJtkZwM21+8rV9ODYbvKNvt0pW+YCws7svftBSFMCpl3ke2unw=="],

    "@oxlint/win32-x64": ["@oxlint/win32-x64@1.41.0", "", { "os": "win32", "cpu": "x64" }, "sha512-dVBXkZ6MGLd3owV7jvuqJsZwiF3qw7kEkDVsYVpS/O96eEvlHcxVbaPjJjrTBgikXqyC22vg3dxBU7MW0utGfw=="],

    "@quansync/fs": ["@quansync/fs@1.0.0", "", { "dependencies": { "quansync": "^1.0.0" } }, "sha512-4TJ3DFtlf1L5LDMaM6CanJ/0lckGNtJcMjQ1NAV6zDmA0tEHKZtxNKin8EgPaVX1YzljbxckyT2tJrpQKAtngQ=="],

    "@rolldown/binding-android-arm64": ["@rolldown/binding-android-arm64@1.0.0-beta.60", "", { "os": "android", "cpu": "arm64" }, "sha512-hOW6iQXtpG4uCW1zGK56+KhEXGttSkTp2ykncW/nkOIF/jOKTqbM944Q73HVeMXP1mPRvE2cZwNp3xeLIeyIGQ=="],

    "@rolldown/binding-darwin-arm64": ["@rolldown/binding-darwin-arm64@1.0.0-beta.60", "", { "os": "darwin", "cpu": "arm64" }, "sha512-vyDA4HXY2mP8PPtl5UE17uGPxUNG4m1wkfa3kAkR8JWrFbarV97UmLq22IWrNhtBPa89xqerzLK8KoVmz5JqCQ=="],

    "@rolldown/binding-darwin-x64": ["@rolldown/binding-darwin-x64@1.0.0-beta.60", "", { "os": "darwin", "cpu": "x64" }, "sha512-WnxyqxAKP2BsxouwGY/RCF5UFw/LA4QOHhJ7VEl+UCelHokiwqNHRbryLAyRy3TE1FZ5eae+vAFcaetAu/kWLw=="],

    "@rolldown/binding-freebsd-x64": ["@rolldown/binding-freebsd-x64@1.0.0-beta.60", "", { "os": "freebsd", "cpu": "x64" }, "sha512-JtyWJ+zXOHof5gOUYwdTWI2kL6b8q9eNwqB/oD4mfUFaC/COEB2+47JMhcq78dey9Ahmec3DZKRDZPRh9hNAMQ=="],

    "@rolldown/binding-linux-arm-gnueabihf": ["@rolldown/binding-linux-arm-gnueabihf@1.0.0-beta.60", "", { "os": "linux", "cpu": "arm" }, "sha512-LrMoKqpHx+kCaNSk84iSBd4yVOymLIbxJQtvFjDN2CjQraownR+IXcwYDblFcj9ivmS54T3vCboXBbm3s1zbPQ=="],

    "@rolldown/binding-linux-arm64-gnu": ["@rolldown/binding-linux-arm64-gnu@1.0.0-beta.60", "", { "os": "linux", "cpu": "arm64" }, "sha512-sqI+Vdx1gmXJMsXN3Fsewm3wlt7RHvRs1uysSp//NLsCoh9ZFEUr4ZzGhWKOg6Rvf+njNu/vCsz96x7wssLejQ=="],

    "@rolldown/binding-linux-arm64-musl": ["@rolldown/binding-linux-arm64-musl@1.0.0-beta.60", "", { "os": "linux", "cpu": "arm64" }, "sha512-8xlqGLDtTP8sBfYwneTDu8+PRm5reNEHAuI/+6WPy9y350ls0KTFd3EJCOWEXWGW0F35ko9Fn9azmurBTjqOrQ=="],

    "@rolldown/binding-linux-x64-gnu": ["@rolldown/binding-linux-x64-gnu@1.0.0-beta.60", "", { "os": "linux", "cpu": "x64" }, "sha512-iR4nhVouVZK1CiGGGyz+prF5Lw9Lmz30Rl36Hajex+dFVFiegka604zBwzTp5Tl0BZnr50ztnVJ30tGrBhDr8Q=="],

    "@rolldown/binding-linux-x64-musl": ["@rolldown/binding-linux-x64-musl@1.0.0-beta.60", "", { "os": "linux", "cpu": "x64" }, "sha512-HbfNcqNeqxFjSMf1Kpe8itr2e2lr0Bm6HltD2qXtfU91bSSikVs9EWsa1ThshQ1v2ZvxXckGjlVLtah6IoslPg=="],

    "@rolldown/binding-openharmony-arm64": ["@rolldown/binding-openharmony-arm64@1.0.0-beta.60", "", { "os": "none", "cpu": "arm64" }, "sha512-BiiamFcgTJ+ZFOUIMO9AHXUo9WXvHVwGfSrJ+Sv0AsTd2w3VN7dJGiH3WRcxKFetljJHWvGbM4fdpY5lf6RIvw=="],

    "@rolldown/binding-wasm32-wasi": ["@rolldown/binding-wasm32-wasi@1.0.0-beta.60", "", { "dependencies": { "@napi-rs/wasm-runtime": "^1.1.1" }, "cpu": "none" }, "sha512-6roXGbHMdR2ucnxXuwbmQvk8tuYl3VGu0yv13KxspyKBxxBd4RS6iykzLD6mX2gMUHhfX8SVWz7n/62gfyKHow=="],

    "@rolldown/binding-win32-arm64-msvc": ["@rolldown/binding-win32-arm64-msvc@1.0.0-beta.60", "", { "os": "win32", "cpu": "arm64" }, "sha512-JBOm8/DC/CKnHyMHoJFdvzVHxUixid4dGkiTqGflxOxO43uSJMpl77pSPXvzwZ/VXwqblU2V0/PanyCBcRLowQ=="],

    "@rolldown/binding-win32-x64-msvc": ["@rolldown/binding-win32-x64-msvc@1.0.0-beta.60", "", { "os": "win32", "cpu": "x64" }, "sha512-MKF0B823Efp+Ot8KsbwIuGhKH58pf+2rSM6VcqyNMlNBHheOM0Gf7JmEu+toc1jgN6fqjH7Et+8hAzsLVkIGfA=="],

    "@rolldown/pluginutils": ["@rolldown/pluginutils@1.0.0-beta.60", "", {}, "sha512-Jz4aqXRPVtqkH1E3jRDzLO5cgN5JwW+WG0wXGE4NiJd25nougv/AHzxmKCzmVQUYnxLmTM0M4wrZp+LlC2FKLg=="],

    "@rollup/rollup-android-arm-eabi": ["@rollup/rollup-android-arm-eabi@4.56.0", "", { "os": "android", "cpu": "arm" }, "sha512-LNKIPA5k8PF1+jAFomGe3qN3bbIgJe/IlpDBwuVjrDKrJhVWywgnJvflMt/zkbVNLFtF1+94SljYQS6e99klnw=="],

    "@rollup/rollup-android-arm64": ["@rollup/rollup-android-arm64@4.56.0", "", { "os": "android", "cpu": "arm64" }, "sha512-lfbVUbelYqXlYiU/HApNMJzT1E87UPGvzveGg2h0ktUNlOCxKlWuJ9jtfvs1sKHdwU4fzY7Pl8sAl49/XaEk6Q=="],

    "@rollup/rollup-darwin-arm64": ["@rollup/rollup-darwin-arm64@4.56.0", "", { "os": "darwin", "cpu": "arm64" }, "sha512-EgxD1ocWfhoD6xSOeEEwyE7tDvwTgZc8Bss7wCWe+uc7wO8G34HHCUH+Q6cHqJubxIAnQzAsyUsClt0yFLu06w=="],

    "@rollup/rollup-darwin-x64": ["@rollup/rollup-darwin-x64@4.56.0", "", { "os": "darwin", "cpu": "x64" }, "sha512-1vXe1vcMOssb/hOF8iv52A7feWW2xnu+c8BV4t1F//m9QVLTfNVpEdja5ia762j/UEJe2Z1jAmEqZAK42tVW3g=="],

    "@rollup/rollup-freebsd-arm64": ["@rollup/rollup-freebsd-arm64@4.56.0", "", { "os": "freebsd", "cpu": "arm64" }, "sha512-bof7fbIlvqsyv/DtaXSck4VYQ9lPtoWNFCB/JY4snlFuJREXfZnm+Ej6yaCHfQvofJDXLDMTVxWscVSuQvVWUQ=="],

    "@rollup/rollup-freebsd-x64": ["@rollup/rollup-freebsd-x64@4.56.0", "", { "os": "freebsd", "cpu": "x64" }, "sha512-KNa6lYHloW+7lTEkYGa37fpvPq+NKG/EHKM8+G/g9WDU7ls4sMqbVRV78J6LdNuVaeeK5WB9/9VAFbKxcbXKYg=="],

    "@rollup/rollup-linux-arm-gnueabihf": ["@rollup/rollup-linux-arm-gnueabihf@4.56.0", "", { "os": "linux", "cpu": "arm" }, "sha512-E8jKK87uOvLrrLN28jnAAAChNq5LeCd2mGgZF+fGF5D507WlG/Noct3lP/QzQ6MrqJ5BCKNwI9ipADB6jyiq2A=="],

    "@rollup/rollup-linux-arm-musleabihf": ["@rollup/rollup-linux-arm-musleabihf@4.56.0", "", { "os": "linux", "cpu": "arm" }, "sha512-jQosa5FMYF5Z6prEpTCCmzCXz6eKr/tCBssSmQGEeozA9tkRUty/5Vx06ibaOP9RCrW1Pvb8yp3gvZhHwTDsJw=="],

    "@rollup/rollup-linux-arm64-gnu": ["@rollup/rollup-linux-arm64-gnu@4.56.0", "", { "os": "linux", "cpu": "arm64" }, "sha512-uQVoKkrC1KGEV6udrdVahASIsaF8h7iLG0U0W+Xn14ucFwi6uS539PsAr24IEF9/FoDtzMeeJXJIBo5RkbNWvQ=="],

    "@rollup/rollup-linux-arm64-musl": ["@rollup/rollup-linux-arm64-musl@4.56.0", "", { "os": "linux", "cpu": "arm64" }, "sha512-vLZ1yJKLxhQLFKTs42RwTwa6zkGln+bnXc8ueFGMYmBTLfNu58sl5/eXyxRa2RarTkJbXl8TKPgfS6V5ijNqEA=="],

    "@rollup/rollup-linux-loong64-gnu": ["@rollup/rollup-linux-loong64-gnu@4.56.0", "", { "os": "linux", "cpu": "none" }, "sha512-FWfHOCub564kSE3xJQLLIC/hbKqHSVxy8vY75/YHHzWvbJL7aYJkdgwD/xGfUlL5UV2SB7otapLrcCj2xnF1dg=="],

    "@rollup/rollup-linux-loong64-musl": ["@rollup/rollup-linux-loong64-musl@4.56.0", "", { "os": "linux", "cpu": "none" }, "sha512-z1EkujxIh7nbrKL1lmIpqFTc/sr0u8Uk0zK/qIEFldbt6EDKWFk/pxFq3gYj4Bjn3aa9eEhYRlL3H8ZbPT1xvA=="],

    "@rollup/rollup-linux-ppc64-gnu": ["@rollup/rollup-linux-ppc64-gnu@4.56.0", "", { "os": "linux", "cpu": "ppc64" }, "sha512-iNFTluqgdoQC7AIE8Q34R3AuPrJGJirj5wMUErxj22deOcY7XwZRaqYmB6ZKFHoVGqRcRd0mqO+845jAibKCkw=="],

    "@rollup/rollup-linux-ppc64-musl": ["@rollup/rollup-linux-ppc64-musl@4.56.0", "", { "os": "linux", "cpu": "ppc64" }, "sha512-MtMeFVlD2LIKjp2sE2xM2slq3Zxf9zwVuw0jemsxvh1QOpHSsSzfNOTH9uYW9i1MXFxUSMmLpeVeUzoNOKBaWg=="],

    "@rollup/rollup-linux-riscv64-gnu": ["@rollup/rollup-linux-riscv64-gnu@4.56.0", "", { "os": "linux", "cpu": "none" }, "sha512-in+v6wiHdzzVhYKXIk5U74dEZHdKN9KH0Q4ANHOTvyXPG41bajYRsy7a8TPKbYPl34hU7PP7hMVHRvv/5aCSew=="],

    "@rollup/rollup-linux-riscv64-musl": ["@rollup/rollup-linux-riscv64-musl@4.56.0", "", { "os": "linux", "cpu": "none" }, "sha512-yni2raKHB8m9NQpI9fPVwN754mn6dHQSbDTwxdr9SE0ks38DTjLMMBjrwvB5+mXrX+C0npX0CVeCUcvvvD8CNQ=="],

    "@rollup/rollup-linux-s390x-gnu": ["@rollup/rollup-linux-s390x-gnu@4.56.0", "", { "os": "linux", "cpu": "s390x" }, "sha512-zhLLJx9nQPu7wezbxt2ut+CI4YlXi68ndEve16tPc/iwoylWS9B3FxpLS2PkmfYgDQtosah07Mj9E0khc3Y+vQ=="],

    "@rollup/rollup-linux-x64-gnu": ["@rollup/rollup-linux-x64-gnu@4.56.0", "", { "os": "linux", "cpu": "x64" }, "sha512-MVC6UDp16ZSH7x4rtuJPAEoE1RwS8N4oK9DLHy3FTEdFoUTCFVzMfJl/BVJ330C+hx8FfprA5Wqx4FhZXkj2Kw=="],

    "@rollup/rollup-linux-x64-musl": ["@rollup/rollup-linux-x64-musl@4.56.0", "", { "os": "linux", "cpu": "x64" }, "sha512-ZhGH1eA4Qv0lxaV00azCIS1ChedK0V32952Md3FtnxSqZTBTd6tgil4nZT5cU8B+SIw3PFYkvyR4FKo2oyZIHA=="],

    "@rollup/rollup-openbsd-x64": ["@rollup/rollup-openbsd-x64@4.56.0", "", { "os": "openbsd", "cpu": "x64" }, "sha512-O16XcmyDeFI9879pEcmtWvD/2nyxR9mF7Gs44lf1vGGx8Vg2DRNx11aVXBEqOQhWb92WN4z7fW/q4+2NYzCbBA=="],

    "@rollup/rollup-openharmony-arm64": ["@rollup/rollup-openharmony-arm64@4.56.0", "", { "os": "none", "cpu": "arm64" }, "sha512-LhN/Reh+7F3RCgQIRbgw8ZMwUwyqJM+8pXNT6IIJAqm2IdKkzpCh/V9EdgOMBKuebIrzswqy4ATlrDgiOwbRcQ=="],

    "@rollup/rollup-win32-arm64-msvc": ["@rollup/rollup-win32-arm64-msvc@4.56.0", "", { "os": "win32", "cpu": "arm64" }, "sha512-kbFsOObXp3LBULg1d3JIUQMa9Kv4UitDmpS+k0tinPBz3watcUiV2/LUDMMucA6pZO3WGE27P7DsfaN54l9ing=="],

    "@rollup/rollup-win32-ia32-msvc": ["@rollup/rollup-win32-ia32-msvc@4.56.0", "", { "os": "win32", "cpu": "ia32" }, "sha512-vSSgny54D6P4vf2izbtFm/TcWYedw7f8eBrOiGGecyHyQB9q4Kqentjaj8hToe+995nob/Wv48pDqL5a62EWtg=="],

    "@rollup/rollup-win32-x64-gnu": ["@rollup/rollup-win32-x64-gnu@4.56.0", "", { "os": "win32", "cpu": "x64" }, "sha512-FeCnkPCTHQJFbiGG49KjV5YGW/8b9rrXAM2Mz2kiIoktq2qsJxRD5giEMEOD2lPdgs72upzefaUvS+nc8E3UzQ=="],

    "@rollup/rollup-win32-x64-msvc": ["@rollup/rollup-win32-x64-msvc@4.56.0", "", { "os": "win32", "cpu": "x64" }, "sha512-H8AE9Ur/t0+1VXujj90w0HrSOuv0Nq9r1vSZF2t5km20NTfosQsGGUXDaKdQZzwuLts7IyL1fYT4hM95TI9c4g=="],

    "@standard-schema/spec": ["@standard-schema/spec@1.1.0", "", {}, "sha512-l2aFy5jALhniG5HgqrD6jXLi/rUWrKvqN/qJx6yoJsgKhblVd+iqqU4RCXavm/jPityDo5TCvKMnpjKnOriy0w=="],

    "@tybys/wasm-util": ["@tybys/wasm-util@0.10.1", "", { "dependencies": { "tslib": "^2.4.0" } }, "sha512-9tTaPJLSiejZKx+Bmog4uSubteqTvFrVrURwkmHixBo0G4seD0zUxp98E1DzUBJxLQ3NPwXrGKDiVjwx/DpPsg=="],

    "@types/chai": ["@types/chai@5.2.3", "", { "dependencies": { "@types/deep-eql": "*", "assertion-error": "^2.0.1" } }, "sha512-Mw558oeA9fFbv65/y4mHtXDs9bPnFMZAL/jxdPFUpOHHIXX91mcgEHbS5Lahr+pwZFR8A7GQleRWeI6cGFC2UA=="],

    "@types/deep-eql": ["@types/deep-eql@4.0.2", "", {}, "sha512-c9h9dVVMigMPc4bwTvC5dxqtqJZwQPePsWjPlpSOnojbor6pGqdk541lfA7AqFQr5pB1BRdq0juY9db81BwyFw=="],

    "@types/estree": ["@types/estree@1.0.8", "", {}, "sha512-dWHzHa2WqEXI/O1E9OjrocMTKJl2mSrEolh1Iomrv6U+JuNwaHXsXx9bLu5gG7BUWFIN0skIQJQ/L1rIex4X6w=="],

    "@types/jsesc": ["@types/jsesc@2.5.1", "", {}, "sha512-9VN+6yxLOPLOav+7PwjZbxiID2bVaeq0ED4qSQmdQTdjnXJSaCVKTR58t15oqH1H5t8Ng2ZX1SabJVoN9Q34bw=="],

    "@types/node": ["@types/node@24.10.9", "", { "dependencies": { "undici-types": "~7.16.0" } }, "sha512-ne4A0IpG3+2ETuREInjPNhUGis1SFjv1d5asp8MzEAGtOZeTeHVDOYqOgqfhvseqg/iXty2hjBf1zAOb7RNiNw=="],

    "@vitest/expect": ["@vitest/expect@4.0.17", "", { "dependencies": { "@standard-schema/spec": "^1.0.0", "@types/chai": "^5.2.2", "@vitest/spy": "4.0.17", "@vitest/utils": "4.0.17", "chai": "^6.2.1", "tinyrainbow": "^3.0.3" } }, "sha512-mEoqP3RqhKlbmUmntNDDCJeTDavDR+fVYkSOw8qRwJFaW/0/5zA9zFeTrHqNtcmwh6j26yMmwx2PqUDPzt5ZAQ=="],

    "@vitest/mocker": ["@vitest/mocker@4.0.17", "", { "dependencies": { "@vitest/spy": "4.0.17", "estree-walker": "^3.0.3", "magic-string": "^0.30.21" }, "peerDependencies": { "msw": "^2.4.9", "vite": "^6.0.0 || ^7.0.0-0" }, "optionalPeers": ["msw", "vite"] }, "sha512-+ZtQhLA3lDh1tI2wxe3yMsGzbp7uuJSWBM1iTIKCbppWTSBN09PUC+L+fyNlQApQoR+Ps8twt2pbSSXg2fQVEQ=="],

    "@vitest/pretty-format": ["@vitest/pretty-format@4.0.17", "", { "dependencies": { "tinyrainbow": "^3.0.3" } }, "sha512-Ah3VAYmjcEdHg6+MwFE17qyLqBHZ+ni2ScKCiW2XrlSBV4H3Z7vYfPfz7CWQ33gyu76oc0Ai36+kgLU3rfF4nw=="],

    "@vitest/runner": ["@vitest/runner@4.0.17", "", { "dependencies": { "@vitest/utils": "4.0.17", "pathe": "^2.0.3" } }, "sha512-JmuQyf8aMWoo/LmNFppdpkfRVHJcsgzkbCA+/Bk7VfNH7RE6Ut2qxegeyx2j3ojtJtKIbIGy3h+KxGfYfk28YQ=="],

    "@vitest/snapshot": ["@vitest/snapshot@4.0.17", "", { "dependencies": { "@vitest/pretty-format": "4.0.17", "magic-string": "^0.30.21", "pathe": "^2.0.3" } }, "sha512-npPelD7oyL+YQM2gbIYvlavlMVWUfNNGZPcu0aEUQXt7FXTuqhmgiYupPnAanhKvyP6Srs2pIbWo30K0RbDtRQ=="],

    "@vitest/spy": ["@vitest/spy@4.0.17", "", {}, "sha512-I1bQo8QaP6tZlTomQNWKJE6ym4SHf3oLS7ceNjozxxgzavRAgZDc06T7kD8gb9bXKEgcLNt00Z+kZO6KaJ62Ew=="],

    "@vitest/utils": ["@vitest/utils@4.0.17", "", { "dependencies": { "@vitest/pretty-format": "4.0.17", "tinyrainbow": "^3.0.3" } }, "sha512-RG6iy+IzQpa9SB8HAFHJ9Y+pTzI+h8553MrciN9eC6TFBErqrQaTas4vG+MVj8S4uKk8uTT2p0vgZPnTdxd96w=="],

    "ansis": ["ansis@4.2.0", "", {}, "sha512-HqZ5rWlFjGiV0tDm3UxxgNRqsOTniqoKZu0pIAfh7TZQMGuZK+hH0drySty0si0QXj1ieop4+SkSfPZBPPkHig=="],

    "assertion-error": ["assertion-error@2.0.1", "", {}, "sha512-Izi8RQcffqCeNVgFigKli1ssklIbpHnCYc6AknXGYoB6grJqyeby7jv12JUQgmTAnIDnbck1uxksT4dzN3PWBA=="],

    "ast-kit": ["ast-kit@3.0.0-beta.1", "", { "dependencies": { "@babel/parser": "^8.0.0-beta.4", "estree-walker": "^3.0.3", "pathe": "^2.0.3" } }, "sha512-trmleAnZ2PxN/loHWVhhx1qeOHSRXq4TDsBBxq3GqeJitfk3+jTQ+v/C1km/KYq9M7wKqCewMh+/NAvVH7m+bw=="],

    "birpc": ["birpc@4.0.0", "", {}, "sha512-LShSxJP0KTmd101b6DRyGBj57LZxSDYWKitQNW/mi8GRMvZb078Uf9+pveax1DrVL89vm7mWe+TovdI/UDOuPw=="],

    "cac": ["cac@6.7.14", "", {}, "sha512-b6Ilus+c3RrdDk+JhLKUAQfzzgLEPy6wcXqS7f/xe1EETvsDP6GORG7SFuOs6cID5YkqchW/LXZbX5bc8j7ZcQ=="],

    "chai": ["chai@6.2.2", "", {}, "sha512-NUPRluOfOiTKBKvWPtSD4PhFvWCqOi0BGStNWs57X9js7XGTprSmFoz5F0tWhR4WPjNeR9jXqdC7/UpSJTnlRg=="],

    "defu": ["defu@6.1.4", "", {}, "sha512-mEQCMmwJu317oSz8CwdIOdwf3xMif1ttiM8LTufzc3g6kR+9Pe236twL8j3IYT1F7GfRgGcW6MWxzZjLIkuHIg=="],

    "dprint": ["dprint@0.51.1", "", { "optionalDependencies": { "@dprint/darwin-arm64": "0.51.1", "@dprint/darwin-x64": "0.51.1", "@dprint/linux-arm64-glibc": "0.51.1", "@dprint/linux-arm64-musl": "0.51.1", "@dprint/linux-loong64-glibc": "0.51.1", "@dprint/linux-loong64-musl": "0.51.1", "@dprint/linux-riscv64-glibc": "0.51.1", "@dprint/linux-x64-glibc": "0.51.1", "@dprint/linux-x64-musl": "0.51.1", "@dprint/win32-arm64": "0.51.1", "@dprint/win32-x64": "0.51.1" }, "bin": { "dprint": "bin.js" } }, "sha512-CEx+wYARxLAe9o7RCZ77GKae6DF7qjn5Rd98xbWdA3hB4PFBr+kHwLANmNHscNumBAIrCg5ZJj/Kz+OYbJ+GBA=="],

    "dts-resolver": ["dts-resolver@2.1.3", "", { "peerDependencies": { "oxc-resolver": ">=11.0.0" }, "optionalPeers": ["oxc-resolver"] }, "sha512-bihc7jPC90VrosXNzK0LTE2cuLP6jr0Ro8jk+kMugHReJVLIpHz/xadeq3MhuwyO4TD4OA3L1Q8pBBFRc08Tsw=="],

    "empathic": ["empathic@2.0.0", "", {}, "sha512-i6UzDscO/XfAcNYD75CfICkmfLedpyPDdozrLMmQc5ORaQcdMoc21OnlEylMIqI7U8eniKrPMxxtj8k0vhmJhA=="],

    "es-module-lexer": ["es-module-lexer@1.7.0", "", {}, "sha512-jEQoCwk8hyb2AZziIOLhDqpm5+2ww5uIE6lkO/6jcOCusfk6LhMHpXXfBLXTZ7Ydyt0j4VoUQv6uGNYbdW+kBA=="],

    "esbuild": ["esbuild@0.27.2", "", { "optionalDependencies": { "@esbuild/aix-ppc64": "0.27.2", "@esbuild/android-arm": "0.27.2", "@esbuild/android-arm64": "0.27.2", "@esbuild/android-x64": "0.27.2", "@esbuild/darwin-arm64": "0.27.2", "@esbuild/darwin-x64": "0.27.2", "@esbuild/freebsd-arm64": "0.27.2", "@esbuild/freebsd-x64": "0.27.2", "@esbuild/linux-arm": "0.27.2", "@esbuild/linux-arm64": "0.27.2", "@esbuild/linux-ia32": "0.27.2", "@esbuild/linux-loong64": "0.27.2", "@esbuild/linux-mips64el": "0.27.2", "@esbuild/linux-ppc64": "0.27.2", "@esbuild/linux-riscv64": "0.27.2", "@esbuild/linux-s390x": "0.27.2", "@esbuild/linux-x64": "0.27.2", "@esbuild/netbsd-arm64": "0.27.2", "@esbuild/netbsd-x64": "0.27.2", "@esbuild/openbsd-arm64": "0.27.2", "@esbuild/openbsd-x64": "0.27.2", "@esbuild/openharmony-arm64": "0.27.2", "@esbuild/sunos-x64": "0.27.2", "@esbuild/win32-arm64": "0.27.2", "@esbuild/win32-ia32": "0.27.2", "@esbuild/win32-x64": "0.27.2" }, "bin": { "esbuild": "bin/esbuild" } }, "sha512-HyNQImnsOC7X9PMNaCIeAm4ISCQXs5a5YasTXVliKv4uuBo1dKrG0A+uQS8M5eXjVMnLg3WgXaKvprHlFJQffw=="],

    "estree-walker": ["estree-walker@3.0.3", "", { "dependencies": { "@types/estree": "^1.0.0" } }, "sha512-7RUKfXgSMMkzt6ZuXmqapOurLGPPfgj6l9uRZ7lRGolvk0y2yocc35LdcxKC5PQZdn2DMqioAQ2NoWcrTKmm6g=="],

    "expect-type": ["expect-type@1.3.0", "", {}, "sha512-knvyeauYhqjOYvQ66MznSMs83wmHrCycNEN6Ao+2AeYEfxUIkuiVxdEa1qlGEPK+We3n0THiDciYSsCcgW/DoA=="],

    "fdir": ["fdir@6.5.0", "", { "peerDependencies": { "picomatch": "^3 || ^4" }, "optionalPeers": ["picomatch"] }, "sha512-tIbYtZbucOs0BRGqPJkshJUYdL+SDH7dVM8gjy+ERp3WAUjLEFJE+02kanyHtwjWOnwrKYBiwAmM0p4kLJAnXg=="],

    "fsevents": ["fsevents@2.3.3", "", { "os": "darwin" }, "sha512-5xoDfX+fL7faATnagmWPpbFtwh/R77WmMMqqHGS65C3vvB0YHrgF+B1YmZ3441tMj5n63k0212XNoJwzlhffQw=="],

    "get-tsconfig": ["get-tsconfig@4.13.0", "", { "dependencies": { "resolve-pkg-maps": "^1.0.0" } }, "sha512-1VKTZJCwBrvbd+Wn3AOgQP/2Av+TfTCOlE4AcRJE72W1ksZXbAx8PPBR9RzgTeSPzlPMHrbANMH3LbltH73wxQ=="],

    "hookable": ["hookable@6.0.1", "", {}, "sha512-uKGyY8BuzN/a5gvzvA+3FVWo0+wUjgtfSdnmjtrOVwQCZPHpHDH2WRO3VZSOeluYrHoDCiXFffZXs8Dj1ULWtw=="],

    "import-without-cache": ["import-without-cache@0.2.5", "", {}, "sha512-B6Lc2s6yApwnD2/pMzFh/d5AVjdsDXjgkeJ766FmFuJELIGHNycKRj+l3A39yZPM4CchqNCB4RITEAYB1KUM6A=="],

    "jsesc": ["jsesc@3.1.0", "", { "bin": { "jsesc": "bin/jsesc" } }, "sha512-/sM3dO2FOzXjKQhJuo0Q173wf2KOo8t4I8vHy6lF9poUp7bKT0/NHE8fPX23PwfhnykfqnC2xRxOnVw5XuGIaA=="],

    "magic-string": ["magic-string@0.30.21", "", { "dependencies": { "@jridgewell/sourcemap-codec": "^1.5.5" } }, "sha512-vd2F4YUyEXKGcLHoq+TEyCjxueSeHnFxyyjNp80yg0XV4vUhnDer/lvvlqM/arB5bXQN5K2/3oinyCRyx8T2CQ=="],

    "nanoid": ["nanoid@3.3.11", "", { "bin": { "nanoid": "bin/nanoid.cjs" } }, "sha512-N8SpfPUnUp1bK+PMYW8qSWdl9U+wwNWI4QKxOYDy9JAro3WMX7p2OeVRF9v+347pnakNevPmiHhNmZ2HbFA76w=="],

    "obug": ["obug@2.1.1", "", {}, "sha512-uTqF9MuPraAQ+IsnPf366RG4cP9RtUi7MLO1N3KEc+wb0a6yKpeL0lmk2IB1jY5KHPAlTc6T/JRdC/YqxHNwkQ=="],

    "oxlint": ["oxlint@1.41.0", "", { "optionalDependencies": { "@oxlint/darwin-arm64": "1.41.0", "@oxlint/darwin-x64": "1.41.0", "@oxlint/linux-arm64-gnu": "1.41.0", "@oxlint/linux-arm64-musl": "1.41.0", "@oxlint/linux-x64-gnu": "1.41.0", "@oxlint/linux-x64-musl": "1.41.0", "@oxlint/win32-arm64": "1.41.0", "@oxlint/win32-x64": "1.41.0" }, "peerDependencies": { "oxlint-tsgolint": ">=0.11.1" }, "optionalPeers": ["oxlint-tsgolint"], "bin": { "oxlint": "bin/oxlint" } }, "sha512-Dyaoup82uhgAgp5xLNt4dPdvl5eSJTIzqzL7DcKbkooUE4PDViWURIPlSUF8hu5a+sCnNIp/LlQMDsKoyaLTBA=="],

    "oxlint-tsgolint": ["oxlint-tsgolint@0.10.1", "", { "optionalDependencies": { "@oxlint-tsgolint/darwin-arm64": "0.10.1", "@oxlint-tsgolint/darwin-x64": "0.10.1", "@oxlint-tsgolint/linux-arm64": "0.10.1", "@oxlint-tsgolint/linux-x64": "0.10.1", "@oxlint-tsgolint/win32-arm64": "0.10.1", "@oxlint-tsgolint/win32-x64": "0.10.1" }, "bin": { "tsgolint": "bin/tsgolint.js" } }, "sha512-EEHNdo5cW2w1xwYdBQ7d3IXDqWAtMkfVFrh+9gQ4kYbYJwygY4QXSh1eH80/xVipZdVKujAwBgg/nNNHk56kxQ=="],

    "pathe": ["pathe@2.0.3", "", {}, "sha512-WUjGcAqP1gQacoQe+OBJsFA7Ld4DyXuUIjZ5cc75cLHvJ7dtNsTugphxIADwspS+AraAUePCKrSVtPLFj/F88w=="],

    "picocolors": ["picocolors@1.1.1", "", {}, "sha512-xceH2snhtb5M9liqDsmEw56le376mTZkEX/jEb/RxNFyegNul7eNslCXP9FDj/Lcu0X8KEyMceP2ntpaHrDEVA=="],

    "picomatch": ["picomatch@4.0.3", "", {}, "sha512-5gTmgEY/sqK6gFXLIsQNH19lWb4ebPDLA4SdLP7dsWkIXHWlG66oPuVvXSGFPppYZz8ZDZq0dYYrbHfBCVUb1Q=="],

    "postcss": ["postcss@8.5.6", "", { "dependencies": { "nanoid": "^3.3.11", "picocolors": "^1.1.1", "source-map-js": "^1.2.1" } }, "sha512-3Ybi1tAuwAP9s0r1UQ2J4n5Y0G05bJkpUIO0/bI9MhwmD70S5aTWbXGBwxHrelT+XM1k6dM0pk+SwNkpTRN7Pg=="],

    "quansync": ["quansync@1.0.0", "", {}, "sha512-5xZacEEufv3HSTPQuchrvV6soaiACMFnq1H8wkVioctoH3TRha9Sz66lOxRwPK/qZj7HPiSveih9yAyh98gvqA=="],

    "resolve-pkg-maps": ["resolve-pkg-maps@1.0.0", "", {}, "sha512-seS2Tj26TBVOC2NIc2rOe2y2ZO7efxITtLZcGSOnHHNOQ7CkiUBfw0Iw2ck6xkIhPwLhKNLS8BO+hEpngQlqzw=="],

    "rolldown": ["rolldown@1.0.0-beta.60", "", { "dependencies": { "@oxc-project/types": "=0.108.0", "@rolldown/pluginutils": "1.0.0-beta.60" }, "optionalDependencies": { "@rolldown/binding-android-arm64": "1.0.0-beta.60", "@rolldown/binding-darwin-arm64": "1.0.0-beta.60", "@rolldown/binding-darwin-x64": "1.0.0-beta.60", "@rolldown/binding-freebsd-x64": "1.0.0-beta.60", "@rolldown/binding-linux-arm-gnueabihf": "1.0.0-beta.60", "@rolldown/binding-linux-arm64-gnu": "1.0.0-beta.60", "@rolldown/binding-linux-arm64-musl": "1.0.0-beta.60", "@rolldown/binding-linux-x64-gnu": "1.0.0-beta.60", "@rolldown/binding-linux-x64-musl": "1.0.0-beta.60", "@rolldown/binding-openharmony-arm64": "1.0.0-beta.60", "@rolldown/binding-wasm32-wasi": "1.0.0-beta.60", "@rolldown/binding-win32-arm64-msvc": "1.0.0-beta.60", "@rolldown/binding-win32-x64-msvc": "1.0.0-beta.60" }, "bin": { "rolldown": "bin/cli.mjs" } }, "sha512-YYgpv7MiTp9LdLj1fzGzCtij8Yi2OKEc3HQtfbIxW4yuSgpQz9518I69U72T5ErPA/ATOXqlcisiLrWy+5V9YA=="],

    "rolldown-plugin-dts": ["rolldown-plugin-dts@0.21.5", "", { "dependencies": { "@babel/generator": "8.0.0-beta.4", "@babel/parser": "8.0.0-beta.4", "@babel/types": "8.0.0-beta.4", "ast-kit": "^3.0.0-beta.1", "birpc": "^4.0.0", "dts-resolver": "^2.1.3", "get-tsconfig": "^4.13.0", "obug": "^2.1.1" }, "peerDependencies": { "@ts-macro/tsc": "^0.3.6", "@typescript/native-preview": ">=7.0.0-dev.20250601.1", "rolldown": "^1.0.0-beta.57", "typescript": "^5.0.0", "vue-tsc": "~3.2.0" }, "optionalPeers": ["@ts-macro/tsc", "@typescript/native-preview", "typescript", "vue-tsc"] }, "sha512-tS3jz7Fq1FWx5Jqih7pZ3zH4Bsnu+VYH5aY7e9o7Joxu5hi9ApMULmM+LVIGxoGVjjMjZGFMEcbdiZ17j/5eNA=="],

    "rollup": ["rollup@4.56.0", "", { "dependencies": { "@types/estree": "1.0.8" }, "optionalDependencies": { "@rollup/rollup-android-arm-eabi": "4.56.0", "@rollup/rollup-android-arm64": "4.56.0", "@rollup/rollup-darwin-arm64": "4.56.0", "@rollup/rollup-darwin-x64": "4.56.0", "@rollup/rollup-freebsd-arm64": "4.56.0", "@rollup/rollup-freebsd-x64": "4.56.0", "@rollup/rollup-linux-arm-gnueabihf": "4.56.0", "@rollup/rollup-linux-arm-musleabihf": "4.56.0", "@rollup/rollup-linux-arm64-gnu": "4.56.0", "@rollup/rollup-linux-arm64-musl": "4.56.0", "@rollup/rollup-linux-loong64-gnu": "4.56.0", "@rollup/rollup-linux-loong64-musl": "4.56.0", "@rollup/rollup-linux-ppc64-gnu": "4.56.0", "@rollup/rollup-linux-ppc64-musl": "4.56.0", "@rollup/rollup-linux-riscv64-gnu": "4.56.0", "@rollup/rollup-linux-riscv64-musl": "4.56.0", "@rollup/rollup-linux-s390x-gnu": "4.56.0", "@rollup/rollup-linux-x64-gnu": "4.56.0", "@rollup/rollup-linux-x64-musl": "4.56.0", "@rollup/rollup-openbsd-x64": "4.56.0", "@rollup/rollup-openharmony-arm64": "4.56.0", "@rollup/rollup-win32-arm64-msvc": "4.56.0", "@rollup/rollup-win32-ia32-msvc": "4.56.0", "@rollup/rollup-win32-x64-gnu": "4.56.0", "@rollup/rollup-win32-x64-msvc": "4.56.0", "fsevents": "~2.3.2" }, "bin": { "rollup": "dist/bin/rollup" } }, "sha512-9FwVqlgUHzbXtDg9RCMgodF3Ua4Na6Gau+Sdt9vyCN4RhHfVKX2DCHy3BjMLTDd47ITDhYAnTwGulWTblJSDLg=="],

    "semver": ["semver@7.7.3", "", { "bin": { "semver": "bin/semver.js" } }, "sha512-SdsKMrI9TdgjdweUSR9MweHA4EJ8YxHn8DFaDisvhVlUOe4BF1tLD7GAj0lIqWVl+dPb/rExr0Btby5loQm20Q=="],

    "siginfo": ["siginfo@2.0.0", "", {}, "sha512-ybx0WO1/8bSBLEWXZvEd7gMW3Sn3JFlW3TvX1nREbDLRNQNaeNN8WK0meBwPdAaOI7TtRRRJn/Es1zhrrCHu7g=="],

    "source-map-js": ["source-map-js@1.2.1", "", {}, "sha512-UXWMKhLOwVKb728IUtQPXxfYU+usdybtUrK/8uGE8CQMvrhOpwvzDBwj0QhSL7MQc7vIsISBG8VQ8+IDQxpfQA=="],

    "stackback": ["stackback@0.0.2", "", {}, "sha512-1XMJE5fQo1jGH6Y/7ebnwPOBEkIEnT4QF32d5R1+VXdXveM0IBMJt8zfaxX1P3QhVwrYe+576+jkANtSS2mBbw=="],

    "std-env": ["std-env@3.10.0", "", {}, "sha512-5GS12FdOZNliM5mAOxFRg7Ir0pWz8MdpYm6AY6VPkGpbA7ZzmbzNcBJQ0GPvvyWgcY7QAhCgf9Uy89I03faLkg=="],

    "tinybench": ["tinybench@2.9.0", "", {}, "sha512-0+DUvqWMValLmha6lr4kD8iAMK1HzV0/aKnCtWb9v9641TnP/MFb7Pc2bxoxQjTXAErryXVgUOfv2YqNllqGeg=="],

    "tinyexec": ["tinyexec@1.0.2", "", {}, "sha512-W/KYk+NFhkmsYpuHq5JykngiOCnxeVL8v8dFnqxSD8qEEdRfXk1SDM6JzNqcERbcGYj9tMrDQBYV9cjgnunFIg=="],

    "tinyglobby": ["tinyglobby@0.2.15", "", { "dependencies": { "fdir": "^6.5.0", "picomatch": "^4.0.3" } }, "sha512-j2Zq4NyQYG5XMST4cbs02Ak8iJUdxRM0XI5QyxXuZOzKOINmWurp3smXu3y5wDcJrptwpSjgXHzIQxR0omXljQ=="],

    "tinyrainbow": ["tinyrainbow@3.0.3", "", {}, "sha512-PSkbLUoxOFRzJYjjxHJt9xro7D+iilgMX/C9lawzVuYiIdcihh9DXmVibBe8lmcFrRi/VzlPjBxbN7rH24q8/Q=="],

    "tree-kill": ["tree-kill@1.2.2", "", { "bin": { "tree-kill": "cli.js" } }, "sha512-L0Orpi8qGpRG//Nd+H90vFB+3iHnue1zSSGmNOOCh1GLJ7rUKVwV2HvijphGQS2UmhUZewS9VgvxYIdgr+fG1A=="],

    "ts-to-schema": ["ts-to-schema@workspace:tsdown-plugins/ts-to-schema"],

    "tsdown": ["tsdown@0.20.0-beta.4", "", { "dependencies": { "ansis": "^4.2.0", "cac": "^6.7.14", "defu": "^6.1.4", "empathic": "^2.0.0", "hookable": "^6.0.1", "import-without-cache": "^0.2.5", "obug": "^2.1.1", "picomatch": "^4.0.3", "rolldown": "1.0.0-beta.60", "rolldown-plugin-dts": "^0.21.3", "semver": "^7.7.3", "tinyexec": "^1.0.2", "tinyglobby": "^0.2.15", "tree-kill": "^1.2.2", "unconfig-core": "^7.4.2", "unrun": "^0.2.25" }, "peerDependencies": { "@arethetypeswrong/core": "^0.18.1", "@vitejs/devtools": "*", "publint": "^0.3.0", "typescript": "^5.0.0", "unplugin-lightningcss": "^0.4.0", "unplugin-unused": "^0.5.0" }, "optionalPeers": ["@arethetypeswrong/core", "@vitejs/devtools", "publint", "typescript", "unplugin-lightningcss", "unplugin-unused"], "bin": { "tsdown": "dist/run.mjs" } }, "sha512-/+W5FwkoddDMcq41TKTzWQoLQkAdm1EtOtmCZBkruf3uQygSxEoMLKo+P5JEZ711BL+AkkB9ZpfSGbZ6AZD+GA=="],

    "tslib": ["tslib@2.8.1", "", {}, "sha512-oJFu94HQb+KVduSUQL7wnpmqnfmLsOA/nAh6b6EH0wCEoK0/mPeXU6c3wKDV83MkOuHPRHtSXKKU99IBazS/2w=="],

    "turbo": ["turbo@2.7.5", "", { "optionalDependencies": { "turbo-darwin-64": "2.7.5", "turbo-darwin-arm64": "2.7.5", "turbo-linux-64": "2.7.5", "turbo-linux-arm64": "2.7.5", "turbo-windows-64": "2.7.5", "turbo-windows-arm64": "2.7.5" }, "bin": { "turbo": "bin/turbo" } }, "sha512-7Imdmg37joOloTnj+DPrab9hIaQcDdJ5RwSzcauo/wMOSAgO+A/I/8b3hsGGs6PWQz70m/jkPgdqWsfNKtwwDQ=="],

    "turbo-darwin-64": ["turbo-darwin-64@2.7.5", "", { "os": "darwin", "cpu": "x64" }, "sha512-nN3wfLLj4OES/7awYyyM7fkU8U8sAFxsXau2bYJwAWi6T09jd87DgHD8N31zXaJ7LcpyppHWPRI2Ov9MuZEwnQ=="],

    "turbo-darwin-arm64": ["turbo-darwin-arm64@2.7.5", "", { "os": "darwin", "cpu": "arm64" }, "sha512-wCoDHMiTf3FgLAbZHDDx/unNNonSGhsF5AbbYODbxnpYyoKDpEYacUEPjZD895vDhNvYCH0Nnk24YsP4n/cD6g=="],

    "turbo-linux-64": ["turbo-linux-64@2.7.5", "", { "os": "linux", "cpu": "x64" }, "sha512-KKPvhOmJMmzWj/yjeO4LywkQ85vOJyhru7AZk/+c4B6OUh/odQ++SiIJBSbTG2lm1CuV5gV5vXZnf/2AMlu3Zg=="],

    "turbo-linux-arm64": ["turbo-linux-arm64@2.7.5", "", { "os": "linux", "cpu": "arm64" }, "sha512-8PIva4L6BQhiPikUTds9lSFSHXVDAsEvV6QUlgwPsXrtXVQMVi6Sv9p+IxtlWQFvGkdYJUgX9GnK2rC030Xcmw=="],

    "turbo-windows-64": ["turbo-windows-64@2.7.5", "", { "os": "win32", "cpu": "x64" }, "sha512-rupskv/mkIUgQXzX/wUiK00mKMorQcK8yzhGFha/D5lm05FEnLx8dsip6rWzMcVpvh+4GUMA56PgtnOgpel2AA=="],

    "turbo-windows-arm64": ["turbo-windows-arm64@2.7.5", "", { "os": "win32", "cpu": "arm64" }, "sha512-G377Gxn6P42RnCzfMyDvsqQV7j69kVHKlhz9J4RhtJOB5+DyY4yYh/w0oTIxZQ4JRMmhjwLu3w9zncMoQ6nNDw=="],

    "typescript": ["typescript@5.9.3", "", { "bin": { "tsc": "bin/tsc", "tsserver": "bin/tsserver" } }, "sha512-jl1vZzPDinLr9eUt3J/t7V6FgNEw9QjvBPdysz9KfQDD41fQrC2Y4vKQdiaUpFT4bXlb1RHhLpp8wtm6M5TgSw=="],

    "unconfig-core": ["unconfig-core@7.4.2", "", { "dependencies": { "@quansync/fs": "^1.0.0", "quansync": "^1.0.0" } }, "sha512-VgPCvLWugINbXvMQDf8Jh0mlbvNjNC6eSUziHsBCMpxR05OPrNrvDnyatdMjRgcHaaNsCqz+wjNXxNw1kRLHUg=="],

    "undici-types": ["undici-types@7.16.0", "", {}, "sha512-Zz+aZWSj8LE6zoxD+xrjh4VfkIG8Ya6LvYkZqtUQGJPZjYl53ypCaUwWqo7eI0x66KBGeRo+mlBEkMSeSZ38Nw=="],

    "unrun": ["unrun@0.2.25", "", { "dependencies": { "rolldown": "1.0.0-beta.60" }, "peerDependencies": { "synckit": "^0.11.11" }, "optionalPeers": ["synckit"], "bin": { "unrun": "dist/cli.mjs" } }, "sha512-ZOr5uQL+JlcUT8hZsQbtuUgb1zzcFx3juhXyLSsciaWa3DW1ldMY9r4KSF3+k/LR1Evj2ggAZo1usK4/knBjMQ=="],

    "vite": ["vite@7.3.1", "", { "dependencies": { "esbuild": "^0.27.0", "fdir": "^6.5.0", "picomatch": "^4.0.3", "postcss": "^8.5.6", "rollup": "^4.43.0", "tinyglobby": "^0.2.15" }, "optionalDependencies": { "fsevents": "~2.3.3" }, "peerDependencies": { "@types/node": "^20.19.0 || >=22.12.0", "jiti": ">=1.21.0", "less": "^4.0.0", "lightningcss": "^1.21.0", "sass": "^1.70.0", "sass-embedded": "^1.70.0", "stylus": ">=0.54.8", "sugarss": "^5.0.0", "terser": "^5.16.0", "tsx": "^4.8.1", "yaml": "^2.4.2" }, "optionalPeers": ["@types/node", "jiti", "less", "lightningcss", "sass", "sass-embedded", "stylus", "sugarss", "terser", "tsx", "yaml"], "bin": { "vite": "bin/vite.js" } }, "sha512-w+N7Hifpc3gRjZ63vYBXA56dvvRlNWRczTdmCBBa+CotUzAPf5b7YMdMR/8CQoeYE5LX3W4wj6RYTgonm1b9DA=="],

    "vitest": ["vitest@4.0.17", "", { "dependencies": { "@vitest/expect": "4.0.17", "@vitest/mocker": "4.0.17", "@vitest/pretty-format": "4.0.17", "@vitest/runner": "4.0.17", "@vitest/snapshot": "4.0.17", "@vitest/spy": "4.0.17", "@vitest/utils": "4.0.17", "es-module-lexer": "^1.7.0", "expect-type": "^1.2.2", "magic-string": "^0.30.21", "obug": "^2.1.1", "pathe": "^2.0.3", "picomatch": "^4.0.3", "std-env": "^3.10.0", "tinybench": "^2.9.0", "tinyexec": "^1.0.2", "tinyglobby": "^0.2.15", "tinyrainbow": "^3.0.3", "vite": "^6.0.0 || ^7.0.0", "why-is-node-running": "^2.3.0" }, "peerDependencies": { "@edge-runtime/vm": "*", "@opentelemetry/api": "^1.9.0", "@types/node": "^20.0.0 || ^22.0.0 || >=24.0.0", "@vitest/browser-playwright": "4.0.17", "@vitest/browser-preview": "4.0.17", "@vitest/browser-webdriverio": "4.0.17", "@vitest/ui": "4.0.17", "happy-dom": "*", "jsdom": "*" }, "optionalPeers": ["@edge-runtime/vm", "@opentelemetry/api", "@types/node", "@vitest/browser-playwright", "@vitest/browser-preview", "@vitest/browser-webdriverio", "@vitest/ui", "happy-dom", "jsdom"], "bin": { "vitest": "vitest.mjs" } }, "sha512-FQMeF0DJdWY0iOnbv466n/0BudNdKj1l5jYgl5JVTwjSsZSlqyXFt/9+1sEyhR6CLowbZpV7O1sCHrzBhucKKg=="],

    "vitest-plugin-reporter": ["vitest-plugin-reporter@workspace:vitest-plugins/vitest-plugin-reporter"],

    "why-is-node-running": ["why-is-node-running@2.3.0", "", { "dependencies": { "siginfo": "^2.0.0", "stackback": "0.0.2" }, "bin": { "why-is-node-running": "cli.js" } }, "sha512-hUrmaWBdVDcxvYqnyh09zunKzROWjbZTiNy8dBEjkS7ehEDQibXJ7XvlmtbwuTclUiIyN+CyXQD4Vmko8fNm8w=="],
  }
}
